
Microsoft Visual Studio Solution File, Format Version 12.00
# Visual Studio Version 17
VisualStudioVersion = 17.11.35222.181
MinimumVisualStudioVersion = 10.0.40219.1
Project("{FAE04EC0-301F-11D3-BF4B-00C04F79EFBC}") = "MAC_DLL", "MAC_DLL\MAC_DLL.csproj", "{98BE4184-534A-4317-A96C-667B4A5606F9}"
EndProject
Project("{FAE04EC0-301F-11D3-BF4B-00C04F79EFBC}") = "MAC_LabWork_1_0", "MAC_LabWork_1_0\MAC_LabWork_1_0.csproj", "{5B13E21B-BE6D-44F5-AEE9-B39B9F439C9C}"
EndProject
Project("{FAE04EC0-301F-11D3-BF4B-00C04F79EFBC}") = "Main_CheckTask_1_0", "Main_CheckTask_1_0\Main_CheckTask_1_0.csproj", "{C797C1B0-239B-4E55-BB49-DC386772BC5A}"
EndProject
Project("{FAE04EC0-301F-11D3-BF4B-00C04F79EFBC}") = "MAC_LabWork_1_1", "MAC_LabWork_1_1\MAC_LabWork_1_1.csproj", "{D11967A8-7251-4FC5-BDEA-78E2DA2FB736}"
EndProject
Project("{FAE04EC0-301F-11D3-BF4B-00C04F79EFBC}") = "MAC_LabWork_1_2", "MAC_LabWork_1_2\MAC_LabWork_1_2.csproj", "{ABEB4C6E-07A6-423F-8FDD-4EB01CC21D8C}"
EndProject
Project("{FAE04EC0-301F-11D3-BF4B-00C04F79EFBC}") = "MAC_CheckTask_1_1", "MAC_CheckTask_1_1\MAC_CheckTask_1_1.csproj", "{1D9457E6-A96C-4F10-8AB2-49A9138E907D}"
EndProject
Project("{FAE04EC0-301F-11D3-BF4B-00C04F79EFBC}") = "MAC_CheckTask_1_2", "MAC_CheckTask_1_2\MAC_CheckTask_1_2.csproj", "{78D502C1-C4AC-4AB2-90EF-DFBCA55C994E}"
EndProject
Project("{FAE04EC0-301F-11D3-BF4B-00C04F79EFBC}") = "MAC_LabWork_1_3", "MAC_LabWork_1_3\MAC_LabWork_1_3.csproj", "{F68182C3-0F47-4B86-ADFE-B8655705A71A}"
EndProject
Project("{FAE04EC0-301F-11D3-BF4B-00C04F79EFBC}") = "MAC_CheckTask_1_3", "MAC_CheckTask_1_3\MAC_CheckTask_1_3.csproj", "{8219CE64-8D91-499E-BC15-B82246EE04EB}"
EndProject
Project("{FAE04EC0-301F-11D3-BF4B-00C04F79EFBC}") = "MAC_LabWork_1_4", "MAC_LabWork_1_4\MAC_LabWork_1_4.csproj", "{9B20E5D4-B4DA-43B0-B48F-B5FDB96DED70}"
EndProject
Project("{FAE04EC0-301F-11D3-BF4B-00C04F79EFBC}") = "MAC_CheckTask_1_4", "MAC_CheckTask_1_4\MAC_CheckTask_1_4.csproj", "{8243883C-C0C3-4A97-AE3C-F4CF2CD41EF8}"
EndProject
Project("{FAE04EC0-301F-11D3-BF4B-00C04F79EFBC}") = "MAC_LabWork_1_5", "MAC_LabWork_1_5.\MAC_LabWork_1_5.csproj", "{BE15B079-0EF2-485D-ADBB-776191B09342}"
EndProject
Project("{FAE04EC0-301F-11D3-BF4B-00C04F79EFBC}") = "MAC_CheckTask_1_5", "MAC_CheckTask_1_5\MAC_CheckTask_1_5.csproj", "{8DB193D5-54C9-44A8-B01C-EE9368A1E702}"
EndProject
Global
	GlobalSection(SolutionConfigurationPlatforms) = preSolution
		Debug|Any CPU = Debug|Any CPU
		Debug|x86 = Debug|x86
		Release|Any CPU = Release|Any CPU
		Release|x86 = Release|x86
	EndGlobalSection
	GlobalSection(ProjectConfigurationPlatforms) = postSolution
		{98BE4184-534A-4317-A96C-667B4A5606F9}.Debug|Any CPU.ActiveCfg = Debug|Any CPU
		{98BE4184-534A-4317-A96C-667B4A5606F9}.Debug|Any CPU.Build.0 = Debug|Any CPU
		{98BE4184-534A-4317-A96C-667B4A5606F9}.Debug|x86.ActiveCfg = Debug|Any CPU
		{98BE4184-534A-4317-A96C-667B4A5606F9}.Debug|x86.Build.0 = Debug|Any CPU
		{98BE4184-534A-4317-A96C-667B4A5606F9}.Release|Any CPU.ActiveCfg = Release|Any CPU
		{98BE4184-534A-4317-A96C-667B4A5606F9}.Release|Any CPU.Build.0 = Release|Any CPU
		{98BE4184-534A-4317-A96C-667B4A5606F9}.Release|x86.ActiveCfg = Release|Any CPU
		{98BE4184-534A-4317-A96C-667B4A5606F9}.Release|x86.Build.0 = Release|Any CPU
		{5B13E21B-BE6D-44F5-AEE9-B39B9F439C9C}.Debug|Any CPU.ActiveCfg = Debug|Any CPU
		{5B13E21B-BE6D-44F5-AEE9-B39B9F439C9C}.Debug|Any CPU.Build.0 = Debug|Any CPU
		{5B13E21B-BE6D-44F5-AEE9-B39B9F439C9C}.Debug|x86.ActiveCfg = Debug|Any CPU
		{5B13E21B-BE6D-44F5-AEE9-B39B9F439C9C}.Debug|x86.Build.0 = Debug|Any CPU
		{5B13E21B-BE6D-44F5-AEE9-B39B9F439C9C}.Release|Any CPU.ActiveCfg = Release|Any CPU
		{5B13E21B-BE6D-44F5-AEE9-B39B9F439C9C}.Release|Any CPU.Build.0 = Release|Any CPU
		{5B13E21B-BE6D-44F5-AEE9-B39B9F439C9C}.Release|x86.ActiveCfg = Release|Any CPU
		{5B13E21B-BE6D-44F5-AEE9-B39B9F439C9C}.Release|x86.Build.0 = Release|Any CPU
		{C797C1B0-239B-4E55-BB49-DC386772BC5A}.Debug|Any CPU.ActiveCfg = Debug|Any CPU
		{C797C1B0-239B-4E55-BB49-DC386772BC5A}.Debug|Any CPU.Build.0 = Debug|Any CPU
		{C797C1B0-239B-4E55-BB49-DC386772BC5A}.Debug|x86.ActiveCfg = Debug|Any CPU
		{C797C1B0-239B-4E55-BB49-DC386772BC5A}.Debug|x86.Build.0 = Debug|Any CPU
		{C797C1B0-239B-4E55-BB49-DC386772BC5A}.Release|Any CPU.ActiveCfg = Release|Any CPU
		{C797C1B0-239B-4E55-BB49-DC386772BC5A}.Release|Any CPU.Build.0 = Release|Any CPU
		{C797C1B0-239B-4E55-BB49-DC386772BC5A}.Release|x86.ActiveCfg = Release|Any CPU
		{C797C1B0-239B-4E55-BB49-DC386772BC5A}.Release|x86.Build.0 = Release|Any CPU
		{D11967A8-7251-4FC5-BDEA-78E2DA2FB736}.Debug|Any CPU.ActiveCfg = Debug|Any CPU
		{D11967A8-7251-4FC5-BDEA-78E2DA2FB736}.Debug|Any CPU.Build.0 = Debug|Any CPU
		{D11967A8-7251-4FC5-BDEA-78E2DA2FB736}.Debug|x86.ActiveCfg = Debug|Any CPU
		{D11967A8-7251-4FC5-BDEA-78E2DA2FB736}.Debug|x86.Build.0 = Debug|Any CPU
		{D11967A8-7251-4FC5-BDEA-78E2DA2FB736}.Release|Any CPU.ActiveCfg = Release|Any CPU
		{D11967A8-7251-4FC5-BDEA-78E2DA2FB736}.Release|Any CPU.Build.0 = Release|Any CPU
		{D11967A8-7251-4FC5-BDEA-78E2DA2FB736}.Release|x86.ActiveCfg = Release|Any CPU
		{D11967A8-7251-4FC5-BDEA-78E2DA2FB736}.Release|x86.Build.0 = Release|Any CPU
		{ABEB4C6E-07A6-423F-8FDD-4EB01CC21D8C}.Debug|Any CPU.ActiveCfg = Debug|Any CPU
		{ABEB4C6E-07A6-423F-8FDD-4EB01CC21D8C}.Debug|Any CPU.Build.0 = Debug|Any CPU
		{ABEB4C6E-07A6-423F-8FDD-4EB01CC21D8C}.Debug|x86.ActiveCfg = Debug|Any CPU
		{ABEB4C6E-07A6-423F-8FDD-4EB01CC21D8C}.Debug|x86.Build.0 = Debug|Any CPU
		{ABEB4C6E-07A6-423F-8FDD-4EB01CC21D8C}.Release|Any CPU.ActiveCfg = Release|Any CPU
		{ABEB4C6E-07A6-423F-8FDD-4EB01CC21D8C}.Release|Any CPU.Build.0 = Release|Any CPU
		{ABEB4C6E-07A6-423F-8FDD-4EB01CC21D8C}.Release|x86.ActiveCfg = Release|Any CPU
		{ABEB4C6E-07A6-423F-8FDD-4EB01CC21D8C}.Release|x86.Build.0 = Release|Any CPU
		{1D9457E6-A96C-4F10-8AB2-49A9138E907D}.Debug|Any CPU.ActiveCfg = Debug|Any CPU
		{1D9457E6-A96C-4F10-8AB2-49A9138E907D}.Debug|Any CPU.Build.0 = Debug|Any CPU
		{1D9457E6-A96C-4F10-8AB2-49A9138E907D}.Debug|x86.ActiveCfg = Debug|Any CPU
		{1D9457E6-A96C-4F10-8AB2-49A9138E907D}.Debug|x86.Build.0 = Debug|Any CPU
		{1D9457E6-A96C-4F10-8AB2-49A9138E907D}.Release|Any CPU.ActiveCfg = Release|Any CPU
		{1D9457E6-A96C-4F10-8AB2-49A9138E907D}.Release|Any CPU.Build.0 = Release|Any CPU
		{1D9457E6-A96C-4F10-8AB2-49A9138E907D}.Release|x86.ActiveCfg = Release|Any CPU
		{1D9457E6-A96C-4F10-8AB2-49A9138E907D}.Release|x86.Build.0 = Release|Any CPU
		{78D502C1-C4AC-4AB2-90EF-DFBCA55C994E}.Debug|Any CPU.ActiveCfg = Debug|Any CPU
		{78D502C1-C4AC-4AB2-90EF-DFBCA55C994E}.Debug|Any CPU.Build.0 = Debug|Any CPU
		{78D502C1-C4AC-4AB2-90EF-DFBCA55C994E}.Debug|x86.ActiveCfg = Debug|Any CPU
		{78D502C1-C4AC-4AB2-90EF-DFBCA55C994E}.Debug|x86.Build.0 = Debug|Any CPU
		{78D502C1-C4AC-4AB2-90EF-DFBCA55C994E}.Release|Any CPU.ActiveCfg = Release|Any CPU
		{78D502C1-C4AC-4AB2-90EF-DFBCA55C994E}.Release|Any CPU.Build.0 = Release|Any CPU
		{78D502C1-C4AC-4AB2-90EF-DFBCA55C994E}.Release|x86.ActiveCfg = Release|Any CPU
		{78D502C1-C4AC-4AB2-90EF-DFBCA55C994E}.Release|x86.Build.0 = Release|Any CPU
		{F68182C3-0F47-4B86-ADFE-B8655705A71A}.Debug|Any CPU.ActiveCfg = Debug|Any CPU
		{F68182C3-0F47-4B86-ADFE-B8655705A71A}.Debug|Any CPU.Build.0 = Debug|Any CPU
		{F68182C3-0F47-4B86-ADFE-B8655705A71A}.Debug|x86.ActiveCfg = Debug|Any CPU
		{F68182C3-0F47-4B86-ADFE-B8655705A71A}.Debug|x86.Build.0 = Debug|Any CPU
		{F68182C3-0F47-4B86-ADFE-B8655705A71A}.Release|Any CPU.ActiveCfg = Release|Any CPU
		{F68182C3-0F47-4B86-ADFE-B8655705A71A}.Release|Any CPU.Build.0 = Release|Any CPU
		{F68182C3-0F47-4B86-ADFE-B8655705A71A}.Release|x86.ActiveCfg = Release|Any CPU
		{F68182C3-0F47-4B86-ADFE-B8655705A71A}.Release|x86.Build.0 = Release|Any CPU
		{8219CE64-8D91-499E-BC15-B82246EE04EB}.Debug|Any CPU.ActiveCfg = Debug|Any CPU
		{8219CE64-8D91-499E-BC15-B82246EE04EB}.Debug|Any CPU.Build.0 = Debug|Any CPU
		{8219CE64-8D91-499E-BC15-B82246EE04EB}.Debug|x86.ActiveCfg = Debug|Any CPU
		{8219CE64-8D91-499E-BC15-B82246EE04EB}.Debug|x86.Build.0 = Debug|Any CPU
		{8219CE64-8D91-499E-BC15-B82246EE04EB}.Release|Any CPU.ActiveCfg = Release|Any CPU
		{8219CE64-8D91-499E-BC15-B82246EE04EB}.Release|Any CPU.Build.0 = Release|Any CPU
		{8219CE64-8D91-499E-BC15-B82246EE04EB}.Release|x86.ActiveCfg = Release|Any CPU
		{8219CE64-8D91-499E-BC15-B82246EE04EB}.Release|x86.Build.0 = Release|Any CPU
		{9B20E5D4-B4DA-43B0-B48F-B5FDB96DED70}.Debug|Any CPU.ActiveCfg = Debug|Any CPU
		{9B20E5D4-B4DA-43B0-B48F-B5FDB96DED70}.Debug|Any CPU.Build.0 = Debug|Any CPU
		{9B20E5D4-B4DA-43B0-B48F-B5FDB96DED70}.Debug|x86.ActiveCfg = Debug|Any CPU
		{9B20E5D4-B4DA-43B0-B48F-B5FDB96DED70}.Debug|x86.Build.0 = Debug|Any CPU
		{9B20E5D4-B4DA-43B0-B48F-B5FDB96DED70}.Release|Any CPU.ActiveCfg = Release|Any CPU
		{9B20E5D4-B4DA-43B0-B48F-B5FDB96DED70}.Release|Any CPU.Build.0 = Release|Any CPU
		{9B20E5D4-B4DA-43B0-B48F-B5FDB96DED70}.Release|x86.ActiveCfg = Release|Any CPU
		{9B20E5D4-B4DA-43B0-B48F-B5FDB96DED70}.Release|x86.Build.0 = Release|Any CPU
		{8243883C-C0C3-4A97-AE3C-F4CF2CD41EF8}.Debug|Any CPU.ActiveCfg = Debug|Any CPU
		{8243883C-C0C3-4A97-AE3C-F4CF2CD41EF8}.Debug|Any CPU.Build.0 = Debug|Any CPU
		{8243883C-C0C3-4A97-AE3C-F4CF2CD41EF8}.Debug|x86.ActiveCfg = Debug|Any CPU
		{8243883C-C0C3-4A97-AE3C-F4CF2CD41EF8}.Debug|x86.Build.0 = Debug|Any CPU
		{8243883C-C0C3-4A97-AE3C-F4CF2CD41EF8}.Release|Any CPU.ActiveCfg = Release|Any CPU
		{8243883C-C0C3-4A97-AE3C-F4CF2CD41EF8}.Release|Any CPU.Build.0 = Release|Any CPU
		{8243883C-C0C3-4A97-AE3C-F4CF2CD41EF8}.Release|x86.ActiveCfg = Release|Any CPU
		{8243883C-C0C3-4A97-AE3C-F4CF2CD41EF8}.Release|x86.Build.0 = Release|Any CPU
		{BE15B079-0EF2-485D-ADBB-776191B09342}.Debug|Any CPU.ActiveCfg = Debug|Any CPU
		{BE15B079-0EF2-485D-ADBB-776191B09342}.Debug|Any CPU.Build.0 = Debug|Any CPU
		{BE15B079-0EF2-485D-ADBB-776191B09342}.Debug|x86.ActiveCfg = Debug|Any CPU
		{BE15B079-0EF2-485D-ADBB-776191B09342}.Debug|x86.Build.0 = Debug|Any CPU
		{BE15B079-0EF2-485D-ADBB-776191B09342}.Release|Any CPU.ActiveCfg = Release|Any CPU
		{BE15B079-0EF2-485D-ADBB-776191B09342}.Release|Any CPU.Build.0 = Release|Any CPU
		{BE15B079-0EF2-485D-ADBB-776191B09342}.Release|x86.ActiveCfg = Release|Any CPU
		{BE15B079-0EF2-485D-ADBB-776191B09342}.Release|x86.Build.0 = Release|Any CPU
		{8DB193D5-54C9-44A8-B01C-EE9368A1E702}.Debug|Any CPU.ActiveCfg = Debug|Any CPU
		{8DB193D5-54C9-44A8-B01C-EE9368A1E702}.Debug|Any CPU.Build.0 = Debug|Any CPU
		{8DB193D5-54C9-44A8-B01C-EE9368A1E702}.Debug|x86.ActiveCfg = Debug|Any CPU
		{8DB193D5-54C9-44A8-B01C-EE9368A1E702}.Debug|x86.Build.0 = Debug|Any CPU
		{8DB193D5-54C9-44A8-B01C-EE9368A1E702}.Release|Any CPU.ActiveCfg = Release|Any CPU
		{8DB193D5-54C9-44A8-B01C-EE9368A1E702}.Release|Any CPU.Build.0 = Release|Any CPU
		{8DB193D5-54C9-44A8-B01C-EE9368A1E702}.Release|x86.ActiveCfg = Release|Any CPU
		{8DB193D5-54C9-44A8-B01C-EE9368A1E702}.Release|x86.Build.0 = Release|Any CPU
	EndGlobalSection
	GlobalSection(SolutionProperties) = preSolution
		HideSolutionNode = FALSE
	EndGlobalSection
	GlobalSection(ExtensibilityGlobals) = postSolution
		SolutionGuid = {EDB8E013-903E-4DCC-9AE7-65103199E44A}
	EndGlobalSection
EndGlobal
